
Microsoft Visual Studio Solution File, Format Version 12.00
Project("{2150E333-8FDC-42A3-9474-1A3956D46DE8}") = "Doc", "Doc", "{C1D962D5-B1DC-4FCB-9D6C-EE179C02FC75}"
EndProject
Project("{2150E333-8FDC-42A3-9474-1A3956D46DE8}") = "Src", "Src", "{DD61E31F-3683-4F40-B7FE-DC0BAA9E8961}"
EndProject
Project("{2150E333-8FDC-42A3-9474-1A3956D46DE8}") = "Test", "Test", "{DB92A1B3-6DBE-433F-8D70-686E82A81457}"
EndProject
Project("{2150E333-8FDC-42A3-9474-1A3956D46DE8}") = "Core", "Core", "{D10C9F7D-284F-4BCD-A871-1F144DF1CB5D}"
EndProject
Project("{2150E333-8FDC-42A3-9474-1A3956D46DE8}") = "Common", "Common", "{4EBE7D56-1A7E-4D97-A6EA-6A34E7CE9047}"
EndProject
Project("{2150E333-8FDC-42A3-9474-1A3956D46DE8}") = "Infrastructure", "Infrastructure", "{AC4EF5AC-68AA-453A-A4EA-B48B45B228FF}"
EndProject
Project("{2150E333-8FDC-42A3-9474-1A3956D46DE8}") = "Presentation", "Presentation", "{F8FD0CFF-F500-4B2E-BD7E-C70D298F0AF5}"
EndProject
Project("{FAE04EC0-301F-11D3-BF4B-00C04F79EFBC}") = "Store.Domain", "Store.Domain\Store.Domain.csproj", "{49642A99-04DB-4AF0-81AF-9F5F1C691D22}"
EndProject
Project("{FAE04EC0-301F-11D3-BF4B-00C04F79EFBC}") = "Store.Application", "Store.Application\Store.Application.csproj", "{6DCE8A5A-4895-4E92-8359-FFF5632FD9B6}"
EndProject
Project("{FAE04EC0-301F-11D3-BF4B-00C04F79EFBC}") = "Store.Infrastructure", "Store.Infrastructure\Store.Infrastructure.csproj", "{CC4F1C29-79AA-43BC-A98F-71D10BFA199D}"
EndProject
Project("{FAE04EC0-301F-11D3-BF4B-00C04F79EFBC}") = "Store.Persistence", "Store.Persistence\Store.Persistence.csproj", "{574603C0-AC97-4C61-BBA2-706C033B3711}"
EndProject
Project("{FAE04EC0-301F-11D3-BF4B-00C04F79EFBC}") = "Endpoint.Site", "Endpoint.Site\Endpoint.Site.csproj", "{60C03938-D326-48CB-A0B6-408478CBC17C}"
EndProject
Global
	GlobalSection(SolutionConfigurationPlatforms) = preSolution
		Debug|Any CPU = Debug|Any CPU
		Release|Any CPU = Release|Any CPU
	EndGlobalSection
	GlobalSection(NestedProjects) = preSolution
		{D10C9F7D-284F-4BCD-A871-1F144DF1CB5D} = {DD61E31F-3683-4F40-B7FE-DC0BAA9E8961}
		{4EBE7D56-1A7E-4D97-A6EA-6A34E7CE9047} = {DD61E31F-3683-4F40-B7FE-DC0BAA9E8961}
		{AC4EF5AC-68AA-453A-A4EA-B48B45B228FF} = {DD61E31F-3683-4F40-B7FE-DC0BAA9E8961}
		{F8FD0CFF-F500-4B2E-BD7E-C70D298F0AF5} = {DD61E31F-3683-4F40-B7FE-DC0BAA9E8961}
		{49642A99-04DB-4AF0-81AF-9F5F1C691D22} = {D10C9F7D-284F-4BCD-A871-1F144DF1CB5D}
		{6DCE8A5A-4895-4E92-8359-FFF5632FD9B6} = {D10C9F7D-284F-4BCD-A871-1F144DF1CB5D}
		{CC4F1C29-79AA-43BC-A98F-71D10BFA199D} = {AC4EF5AC-68AA-453A-A4EA-B48B45B228FF}
		{574603C0-AC97-4C61-BBA2-706C033B3711} = {AC4EF5AC-68AA-453A-A4EA-B48B45B228FF}
		{60C03938-D326-48CB-A0B6-408478CBC17C} = {F8FD0CFF-F500-4B2E-BD7E-C70D298F0AF5}
	EndGlobalSection
	GlobalSection(ProjectConfigurationPlatforms) = postSolution
		{49642A99-04DB-4AF0-81AF-9F5F1C691D22}.Debug|Any CPU.ActiveCfg = Debug|Any CPU
		{49642A99-04DB-4AF0-81AF-9F5F1C691D22}.Debug|Any CPU.Build.0 = Debug|Any CPU
		{49642A99-04DB-4AF0-81AF-9F5F1C691D22}.Release|Any CPU.ActiveCfg = Release|Any CPU
		{49642A99-04DB-4AF0-81AF-9F5F1C691D22}.Release|Any CPU.Build.0 = Release|Any CPU
		{6DCE8A5A-4895-4E92-8359-FFF5632FD9B6}.Debug|Any CPU.ActiveCfg = Debug|Any CPU
		{6DCE8A5A-4895-4E92-8359-FFF5632FD9B6}.Debug|Any CPU.Build.0 = Debug|Any CPU
		{6DCE8A5A-4895-4E92-8359-FFF5632FD9B6}.Release|Any CPU.ActiveCfg = Release|Any CPU
		{6DCE8A5A-4895-4E92-8359-FFF5632FD9B6}.Release|Any CPU.Build.0 = Release|Any CPU
		{CC4F1C29-79AA-43BC-A98F-71D10BFA199D}.Debug|Any CPU.ActiveCfg = Debug|Any CPU
		{CC4F1C29-79AA-43BC-A98F-71D10BFA199D}.Debug|Any CPU.Build.0 = Debug|Any CPU
		{CC4F1C29-79AA-43BC-A98F-71D10BFA199D}.Release|Any CPU.ActiveCfg = Release|Any CPU
		{CC4F1C29-79AA-43BC-A98F-71D10BFA199D}.Release|Any CPU.Build.0 = Release|Any CPU
		{574603C0-AC97-4C61-BBA2-706C033B3711}.Debug|Any CPU.ActiveCfg = Debug|Any CPU
		{574603C0-AC97-4C61-BBA2-706C033B3711}.Debug|Any CPU.Build.0 = Debug|Any CPU
		{574603C0-AC97-4C61-BBA2-706C033B3711}.Release|Any CPU.ActiveCfg = Release|Any CPU
		{574603C0-AC97-4C61-BBA2-706C033B3711}.Release|Any CPU.Build.0 = Release|Any CPU
		{60C03938-D326-48CB-A0B6-408478CBC17C}.Debug|Any CPU.ActiveCfg = Debug|Any CPU
		{60C03938-D326-48CB-A0B6-408478CBC17C}.Debug|Any CPU.Build.0 = Debug|Any CPU
		{60C03938-D326-48CB-A0B6-408478CBC17C}.Release|Any CPU.ActiveCfg = Release|Any CPU
		{60C03938-D326-48CB-A0B6-408478CBC17C}.Release|Any CPU.Build.0 = Release|Any CPU
	EndGlobalSection
EndGlobal
